
Microsoft Visual Studio Solution File, Format Version 12.00
# Visual Studio Version 17
VisualStudioVersion = 17.1.32328.378
MinimumVisualStudioVersion = 10.0.40219.1
Project("{FAE04EC0-301F-11D3-BF4B-00C04F79EFBC}") = "PresentationLayer", "PresentationLayer\PresentationLayer.csproj", "{A6D05D4A-9C13-4BAB-8352-08B43E2EAFC3}"
EndProject
Project("{FAE04EC0-301F-11D3-BF4B-00C04F79EFBC}") = "DataAccessLayer", "DataAccessLayer\DataAccessLayer.csproj", "{03224D1F-F461-4E92-8FCF-CCA8CCC2DAF9}"
EndProject
Project("{FAE04EC0-301F-11D3-BF4B-00C04F79EFBC}") = "BusinessLayer", "BusinessLayer\BusinessLayer.csproj", "{BD3EE467-4648-4A9E-99D5-41CE58414C87}"
EndProject
Global
	GlobalSection(SolutionConfigurationPlatforms) = preSolution
		Debug|Any CPU = Debug|Any CPU
		Release|Any CPU = Release|Any CPU
	EndGlobalSection
	GlobalSection(ProjectConfigurationPlatforms) = postSolution
		{A6D05D4A-9C13-4BAB-8352-08B43E2EAFC3}.Debug|Any CPU.ActiveCfg = Debug|Any CPU
		{A6D05D4A-9C13-4BAB-8352-08B43E2EAFC3}.Debug|Any CPU.Build.0 = Debug|Any CPU
		{A6D05D4A-9C13-4BAB-8352-08B43E2EAFC3}.Release|Any CPU.ActiveCfg = Release|Any CPU
		{A6D05D4A-9C13-4BAB-8352-08B43E2EAFC3}.Release|Any CPU.Build.0 = Release|Any CPU
		{03224D1F-F461-4E92-8FCF-CCA8CCC2DAF9}.Debug|Any CPU.ActiveCfg = Debug|Any CPU
		{03224D1F-F461-4E92-8FCF-CCA8CCC2DAF9}.Debug|Any CPU.Build.0 = Debug|Any CPU
		{03224D1F-F461-4E92-8FCF-CCA8CCC2DAF9}.Release|Any CPU.ActiveCfg = Release|Any CPU
		{03224D1F-F461-4E92-8FCF-CCA8CCC2DAF9}.Release|Any CPU.Build.0 = Release|Any CPU
		{BD3EE467-4648-4A9E-99D5-41CE58414C87}.Debug|Any CPU.ActiveCfg = Debug|Any CPU
		{BD3EE467-4648-4A9E-99D5-41CE58414C87}.Debug|Any CPU.Build.0 = Debug|Any CPU
		{BD3EE467-4648-4A9E-99D5-41CE58414C87}.Release|Any CPU.ActiveCfg = Release|Any CPU
		{BD3EE467-4648-4A9E-99D5-41CE58414C87}.Release|Any CPU.Build.0 = Release|Any CPU
	EndGlobalSection
	GlobalSection(SolutionProperties) = preSolution
		HideSolutionNode = FALSE
	EndGlobalSection
	GlobalSection(ExtensibilityGlobals) = postSolution
		SolutionGuid = {A84CDBB6-88DD-4876-B472-B4D95D73F362}
	EndGlobalSection
EndGlobal
